
Microsoft Visual Studio Solution File, Format Version 12.00
# Visual Studio Version 17
VisualStudioVersion = 17.9.34714.143
MinimumVisualStudioVersion = 10.0.40219.1
Project("{FAE04EC0-301F-11D3-BF4B-00C04F79EFBC}") = "bot2", "bot2.csproj", "{8F9E49C2-61C3-48EE-8FC3-C168E9848C7F}"
EndProject
Global
	GlobalSection(SolutionConfigurationPlatforms) = preSolution
		Debug|Any CPU = Debug|Any CPU
		Release|Any CPU = Release|Any CPU
	EndGlobalSection
	GlobalSection(ProjectConfigurationPlatforms) = postSolution
		{8F9E49C2-61C3-48EE-8FC3-C168E9848C7F}.Debug|Any CPU.ActiveCfg = Debug|Any CPU
		{8F9E49C2-61C3-48EE-8FC3-C168E9848C7F}.Debug|Any CPU.Build.0 = Debug|Any CPU
		{8F9E49C2-61C3-48EE-8FC3-C168E9848C7F}.Release|Any CPU.ActiveCfg = Release|Any CPU
		{8F9E49C2-61C3-48EE-8FC3-C168E9848C7F}.Release|Any CPU.Build.0 = Release|Any CPU
	EndGlobalSection
	GlobalSection(SolutionProperties) = preSolution
		HideSolutionNode = FALSE
	EndGlobalSection
	GlobalSection(ExtensibilityGlobals) = postSolution
		SolutionGuid = {8AF18042-6DE4-4956-8CCA-217C49A115AF}
	EndGlobalSection
EndGlobal
